
Microsoft Visual Studio Solution File, Format Version 12.00
# Visual Studio Version 17
VisualStudioVersion = 17.8.34525.116
MinimumVisualStudioVersion = 10.0.40219.1
Project("{FAE04EC0-301F-11D3-BF4B-00C04F79EFBC}") = "WebApi", "WebApi\WebApi.csproj", "{7800C1E8-A414-4C6B-84BA-71C383F9A1E3}"
EndProject
Project("{FAE04EC0-301F-11D3-BF4B-00C04F79EFBC}") = "Business", "Business\Business.csproj", "{D56C30F2-4081-4A3F-9A40-EB01DAAD7B50}"
EndProject
Project("{FAE04EC0-301F-11D3-BF4B-00C04F79EFBC}") = "DataAccess", "DataAccess\DataAccess.csproj", "{5242C1C9-9C14-4D34-9486-6EF48D6D3566}"
EndProject
Project("{FAE04EC0-301F-11D3-BF4B-00C04F79EFBC}") = "Entities", "Entities\Entities.csproj", "{3DCE4D47-3D6B-46DD-9AE8-E1A5DCED7B80}"
EndProject
Project("{FAE04EC0-301F-11D3-BF4B-00C04F79EFBC}") = "Core", "Core\Core.csproj", "{D8420057-3EA0-40DB-BD12-68B534EC4E34}"
EndProject
Global
	GlobalSection(SolutionConfigurationPlatforms) = preSolution
		Debug|Any CPU = Debug|Any CPU
		Release|Any CPU = Release|Any CPU
	EndGlobalSection
	GlobalSection(ProjectConfigurationPlatforms) = postSolution
		{7800C1E8-A414-4C6B-84BA-71C383F9A1E3}.Debug|Any CPU.ActiveCfg = Debug|Any CPU
		{7800C1E8-A414-4C6B-84BA-71C383F9A1E3}.Debug|Any CPU.Build.0 = Debug|Any CPU
		{7800C1E8-A414-4C6B-84BA-71C383F9A1E3}.Release|Any CPU.ActiveCfg = Release|Any CPU
		{7800C1E8-A414-4C6B-84BA-71C383F9A1E3}.Release|Any CPU.Build.0 = Release|Any CPU
		{D56C30F2-4081-4A3F-9A40-EB01DAAD7B50}.Debug|Any CPU.ActiveCfg = Debug|Any CPU
		{D56C30F2-4081-4A3F-9A40-EB01DAAD7B50}.Debug|Any CPU.Build.0 = Debug|Any CPU
		{D56C30F2-4081-4A3F-9A40-EB01DAAD7B50}.Release|Any CPU.ActiveCfg = Release|Any CPU
		{D56C30F2-4081-4A3F-9A40-EB01DAAD7B50}.Release|Any CPU.Build.0 = Release|Any CPU
		{5242C1C9-9C14-4D34-9486-6EF48D6D3566}.Debug|Any CPU.ActiveCfg = Debug|Any CPU
		{5242C1C9-9C14-4D34-9486-6EF48D6D3566}.Debug|Any CPU.Build.0 = Debug|Any CPU
		{5242C1C9-9C14-4D34-9486-6EF48D6D3566}.Release|Any CPU.ActiveCfg = Release|Any CPU
		{5242C1C9-9C14-4D34-9486-6EF48D6D3566}.Release|Any CPU.Build.0 = Release|Any CPU
		{3DCE4D47-3D6B-46DD-9AE8-E1A5DCED7B80}.Debug|Any CPU.ActiveCfg = Debug|Any CPU
		{3DCE4D47-3D6B-46DD-9AE8-E1A5DCED7B80}.Debug|Any CPU.Build.0 = Debug|Any CPU
		{3DCE4D47-3D6B-46DD-9AE8-E1A5DCED7B80}.Release|Any CPU.ActiveCfg = Release|Any CPU
		{3DCE4D47-3D6B-46DD-9AE8-E1A5DCED7B80}.Release|Any CPU.Build.0 = Release|Any CPU
		{D8420057-3EA0-40DB-BD12-68B534EC4E34}.Debug|Any CPU.ActiveCfg = Debug|Any CPU
		{D8420057-3EA0-40DB-BD12-68B534EC4E34}.Debug|Any CPU.Build.0 = Debug|Any CPU
		{D8420057-3EA0-40DB-BD12-68B534EC4E34}.Release|Any CPU.ActiveCfg = Release|Any CPU
		{D8420057-3EA0-40DB-BD12-68B534EC4E34}.Release|Any CPU.Build.0 = Release|Any CPU
	EndGlobalSection
	GlobalSection(SolutionProperties) = preSolution
		HideSolutionNode = FALSE
	EndGlobalSection
	GlobalSection(ExtensibilityGlobals) = postSolution
		SolutionGuid = {717DD1AA-582C-4A35-82E0-62F272E17CD5}
	EndGlobalSection
EndGlobal
